
Microsoft Visual Studio Solution File, Format Version 12.00
# Visual Studio Version 16
VisualStudioVersion = 16.0.30907.101
MinimumVisualStudioVersion = 10.0.40219.1
Project("{8BC9CEB8-8B4A-11D0-8D11-00A0C91BC942}") = "AE-Ratespiel", "AE-Ratespiel\AE-Ratespiel.vcxproj", "{15228D23-C37F-4D50-8E86-B36661C31485}"
EndProject
Global
	GlobalSection(SolutionConfigurationPlatforms) = preSolution
		Debug|x64 = Debug|x64
		Debug|x86 = Debug|x86
		Release|x64 = Release|x64
		Release|x86 = Release|x86
	EndGlobalSection
	GlobalSection(ProjectConfigurationPlatforms) = postSolution
		{15228D23-C37F-4D50-8E86-B36661C31485}.Debug|x64.ActiveCfg = Debug|x64
		{15228D23-C37F-4D50-8E86-B36661C31485}.Debug|x64.Build.0 = Debug|x64
		{15228D23-C37F-4D50-8E86-B36661C31485}.Debug|x86.ActiveCfg = Debug|x64
		{15228D23-C37F-4D50-8E86-B36661C31485}.Debug|x86.Build.0 = Debug|x64
		{15228D23-C37F-4D50-8E86-B36661C31485}.Release|x64.ActiveCfg = Release|x64
		{15228D23-C37F-4D50-8E86-B36661C31485}.Release|x64.Build.0 = Release|x64
		{15228D23-C37F-4D50-8E86-B36661C31485}.Release|x86.ActiveCfg = Release|Win32
		{15228D23-C37F-4D50-8E86-B36661C31485}.Release|x86.Build.0 = Release|Win32
	EndGlobalSection
	GlobalSection(SolutionProperties) = preSolution
		HideSolutionNode = FALSE
	EndGlobalSection
	GlobalSection(ExtensibilityGlobals) = postSolution
		SolutionGuid = {6225672E-2164-4B91-9532-EC1F66A5D8EB}
	EndGlobalSection
EndGlobal
